lockfileVersion: '9.0'

settings:
  autoInstallPeers: true
  excludeLinksFromLockfile: false

importers:

  .:
    devDependencies:
      marked:
        specifier: 17.0.3
        version: 17.0.3

packages:

  marked@17.0.3:
    resolution: {integrity: sha512-jt1v2ObpyOKR8p4XaUJVk3YWRJ5n+i4+rjQopxvV32rSndTJXvIzuUdWWIy/1pFQMkQmvTXawzDNqOH/CUmx6A==}
    engines: {node: '>= 20'}
    hasBin: true

snapshots:

  marked@17.0.3: {}
